<?xml version="1.0" encoding="utf-8"?>
<Project ToolsVersion="4.0" xmlns="http://schemas.microsoft.com/developer/msbuild/2003">
  <ItemGroup>
    <Filter Include="源文件">
      <UniqueIdentifier>{4FC737F1-C7A5-4376-A066-2A32D752A2FF}</UniqueIdentifier>
      <Extensions>cpp;c;cc;cxx;c++;cppm;ixx;def;odl;idl;hpj;bat;asm;asmx</Extensions>
    </Filter>
    <Filter Include="头文件">
      <UniqueIdentifier>{93995380-89BD-4b04-88EB-625FBE52EBFB}</UniqueIdentifier>
      <Extensions>h;hh;hpp;hxx;h++;hm;inl;inc;ipp;xsd</Extensions>
    </Filter>
    <Filter Include="资源文件">
      <UniqueIdentifier>{67DA6AB6-F800-4c08-8B7A-83BB121AAD01}</UniqueIdentifier>
      <Extensions>rc;ico;cur;bmp;dlg;rc2;rct;bin;rgs;gif;jpg;jpeg;jpe;resx;tiff;tif;png;wav;mfcribbon-ms</Extensions>
    </Filter>
  </ItemGroup>
  <ItemGroup>
    <ClInclude Include="ShowMenu\inc\showMenu.h">
      <Filter>头文件</Filter>
    </ClInclude>
    <ClInclude Include="Contact\inc\Contact.h">
      <Filter>头文件</Filter>
    </ClInclude>
    <ClInclude Include="AddressBook\inc\AddressBook.h">
      <Filter>头文件</Filter>
    </ClInclude>
    <ClInclude Include="addContact\inc\addContact.h">
      <Filter>头文件</Filter>
    </ClInclude>
    <ClInclude Include="displayContacts\inc\displayContacts.h">
      <Filter>头文件</Filter>
    </ClInclude>
    <ClInclude Include="isExist\inc\isExist.h">
      <Filter>头文件</Filter>
    </ClInclude>
    <ClInclude Include="deleteContact\inc\deleteContact.h">
      <Filter>头文件</Filter>
    </ClInclude>
    <ClInclude Include="searchContact\inc\searchContact.h">
      <Filter>头文件</Filter>
    </ClInclude>
    <ClInclude Include="modifyContact\inc\modifyContact.h">
      <Filter>头文件</Filter>
    </ClInclude>
    <ClInclude Include="deleteAddressBook\inc\deleteAddressBook.h">
      <Filter>头文件</Filter>
    </ClInclude>
  </ItemGroup>
  <ItemGroup>
    <ClCompile Include="showMenu\src\showMenu.cpp">
      <Filter>源文件</Filter>
    </ClCompile>
    <ClCompile Include="main.cpp">
      <Filter>源文件</Filter>
    </ClCompile>
    <ClCompile Include="addContact\src\addContact.cpp">
      <Filter>源文件</Filter>
    </ClCompile>
    <ClCompile Include="displayContacts\src\displayContacts.cpp">
      <Filter>源文件</Filter>
    </ClCompile>
    <ClCompile Include="isExist\src\isExist.cpp">
      <Filter>源文件</Filter>
    </ClCompile>
    <ClCompile Include="deleteContact\src\deleteContact.cpp">
      <Filter>源文件</Filter>
    </ClCompile>
    <ClCompile Include="searchContact\src\searchContact.cpp">
      <Filter>源文件</Filter>
    </ClCompile>
    <ClCompile Include="modifyContact\src\modifyContact.cpp">
      <Filter>源文件</Filter>
    </ClCompile>
    <ClCompile Include="deleteAddressBook\src\deleteAddressBook.cpp">
      <Filter>源文件</Filter>
    </ClCompile>
  </ItemGroup>
</Project>